// !$*UTF8*$!
{
	archiveVersion = 1;
	classes = {
	};
	objectVersion = 56;
	objects = {

/* Begin PBXBuildFile section */
		0D62BE5429C375A4004D3352 /* CLIPdemoApp.swift in Sources */ = {isa = PBXBuildFile; fileRef = 0D62BE5329C375A4004D3352 /* CLIPdemoApp.swift */; };
		0D62BE5629C375A4004D3352 /* ContentView.swift in Sources */ = {isa = PBXBuildFile; fileRef = 0D62BE5529C375A4004D3352 /* ContentView.swift */; };
		0D62BE5829C375A9004D3352 /* Assets.xcassets in Resources */ = {isa = PBXBuildFile; fileRef = 0D62BE5729C375A9004D3352 /* Assets.xcassets */; };
		0D62BE5B29C375A9004D3352 /* Preview Assets.xcassets in Resources */ = {isa = PBXBuildFile; fileRef = 0D62BE5A29C375A9004D3352 /* Preview Assets.xcassets */; };
		0D62BE6529C375A9004D3352 /* CLIPdemoTests.swift in Sources */ = {isa = PBXBuildFile; fileRef = 0D62BE6429C375A9004D3352 /* CLIPdemoTests.swift */; };
		0D62BE6F29C375AA004D3352 /* CLIPdemoUITests.swift in Sources */ = {isa = PBXBuildFile; fileRef = 0D62BE6E29C375AA004D3352 /* CLIPdemoUITests.swift */; };
		0D62BE7129C375AA004D3352 /* CLIPdemoUITestsLaunchTests.swift in Sources */ = {isa = PBXBuildFile; fileRef = 0D62BE7029C375AA004D3352 /* CLIPdemoUITestsLaunchTests.swift */; };
/* End PBXBuildFile section */

/* Begin PBXContainerItemProxy section */
		0D62BE6129C375A9004D3352 /* PBXContainerItemProxy */ = {
			isa = PBXContainerItemProxy;
			containerPortal = 0D62BE4829C375A4004D3352 /* Project object */;
			proxyType = 1;
			remoteGlobalIDString = 0D62BE4F29C375A4004D3352;
			remoteInfo = CLIPdemo;
		};
		0D62BE6B29C375A9004D3352 /* PBXContainerItemProxy */ = {
			isa = PBXContainerItemProxy;
			containerPortal = 0D62BE4829C375A4004D3352 /* Project object */;
			proxyType = 1;
			remoteGlobalIDString = 0D62BE4F29C375A4004D3352;
			remoteInfo = CLIPdemo;
		};
/* End PBXContainerItemProxy section */

/* Begin PBXFileReference section */
		0D62BE5029C375A4004D3352 /* CLIPdemo.app */ = {isa = PBXFileReference; explicitFileType = wrapper.application; includeInIndex = 0; path = CLIPdemo.app; sourceTree = BUILT_PRODUCTS_DIR; };
		0D62BE5329C375A4004D3352 /* CLIPdemoApp.swift */ = {isa = PBXFileReference; lastKnownFileType = sourcecode.swift; path = CLIPdemoApp.swift; sourceTree = "<group>"; };
		0D62BE5529C375A4004D3352 /* ContentView.swift */ = {isa = PBXFileReference; lastKnownFileType = sourcecode.swift; path = ContentView.swift; sourceTree = "<group>"; };
		0D62BE5729C375A9004D3352 /* Assets.xcassets */ = {isa = PBXFileReference; lastKnownFileType = folder.assetcatalog; path = Assets.xcassets; sourceTree = "<group>"; };
		0D62BE5A29C375A9004D3352 /* Preview Assets.xcassets */ = {isa = PBXFileReference; lastKnownFileType = folder.assetcatalog; path = "Preview Assets.xcassets"; sourceTree = "<group>"; };
		0D62BE6029C375A9004D3352 /* CLIPdemoTests.xctest */ = {isa = PBXFileReference; explicitFileType = wrapper.cfbundle; includeInIndex = 0; path = CLIPdemoTests.xctest; sourceTree = BUILT_PRODUCTS_DIR; };
		0D62BE6429C375A9004D3352 /* CLIPdemoTests.swift */ = {isa = PBXFileReference; lastKnownFileType = sourcecode.swift; path = CLIPdemoTests.swift; sourceTree = "<group>"; };
		0D62BE6A29C375A9004D3352 /* CLIPdemoUITests.xctest */ = {isa = PBXFileReference; explicitFileType = wrapper.cfbundle; includeInIndex = 0; path = CLIPdemoUITests.xctest; sourceTree = BUILT_PRODUCTS_DIR; };
		0D62BE6E29C375AA004D3352 /* CLIPdemoUITests.swift */ = {isa = PBXFileReference; lastKnownFileType = sourcecode.swift; path = CLIPdemoUITests.swift; sourceTree = "<group>"; };
		0D62BE7029C375AA004D3352 /* CLIPdemoUITestsLaunchTests.swift */ = {isa = PBXFileReference; lastKnownFileType = sourcecode.swift; path = CLIPdemoUITestsLaunchTests.swift; sourceTree = "<group>"; };
		0D62BE8129C3C531004D3352 /* Info.plist */ = {isa = PBXFileReference; lastKnownFileType = text.plist; path = Info.plist; sourceTree = "<group>"; };
/* End PBXFileReference section */

/* Begin PBXFrameworksBuildPhase section */
		0D62BE4D29C375A4004D3352 /* Frameworks */ = {
			isa = PBXFrameworksBuildPhase;
			buildActionMask = 2147483647;
			files = (
			);
			runOnlyForDeploymentPostprocessing = 0;
		};
		0D62BE5D29C375A9004D3352 /* Frameworks */ = {
			isa = PBXFrameworksBuildPhase;
			buildActionMask = 2147483647;
			files = (
			);
			runOnlyForDeploymentPostprocessing = 0;
		};
		0D62BE6729C375A9004D3352 /* Frameworks */ = {
			isa = PBXFrameworksBuildPhase;
			buildActionMask = 2147483647;
			files = (
			);
			runOnlyForDeploymentPostprocessing = 0;
		};
/* End PBXFrameworksBuildPhase section */

/* Begin PBXGroup section */
		0D62BE4729C375A4004D3352 = {
			isa = PBXGroup;
			children = (
				0D62BE5229C375A4004D3352 /* CLIPdemo */,
				0D62BE6329C375A9004D3352 /* CLIPdemoTests */,
				0D62BE6D29C375A9004D3352 /* CLIPdemoUITests */,
				0D62BE5129C375A4004D3352 /* Products */,
			);
			sourceTree = "<group>";
		};
		0D62BE5129C375A4004D3352 /* Products */ = {
			isa = PBXGroup;
			children = (
				0D62BE5029C375A4004D3352 /* CLIPdemo.app */,
				0D62BE6029C375A9004D3352 /* CLIPdemoTests.xctest */,
				0D62BE6A29C375A9004D3352 /* CLIPdemoUITests.xctest */,
			);
			name = Products;
			sourceTree = "<group>";
		};
		0D62BE5229C375A4004D3352 /* CLIPdemo */ = {
			isa = PBXGroup;
			children = (
				0D62BE8129C3C531004D3352 /* Info.plist */,
				0D62BE5329C375A4004D3352 /* CLIPdemoApp.swift */,
				0D62BE5529C375A4004D3352 /* ContentView.swift */,
				0D62BE5729C375A9004D3352 /* Assets.xcassets */,
				0D62BE5929C375A9004D3352 /* Preview Content */,
			);
			path = CLIPdemo;
			sourceTree = "<group>";
		};
		0D62BE5929C375A9004D3352 /* Preview Content */ = {
			isa = PBXGroup;
			children = (
				0D62BE5A29C375A9004D3352 /* Preview Assets.xcassets */,
			);
			path = "Preview Content";
			sourceTree = "<group>";
		};
		0D62BE6329C375A9004D3352 /* CLIPdemoTests */ = {
			isa = PBXGroup;
			children = (
				0D62BE6429C375A9004D3352 /* CLIPdemoTests.swift */,
			);
			path = CLIPdemoTests;
			sourceTree = "<group>";
		};
		0D62BE6D29C375A9004D3352 /* CLIPdemoUITests */ = {
			isa = PBXGroup;
			children = (
				0D62BE6E29C375AA004D3352 /* CLIPdemoUITests.swift */,
				0D62BE7029C375AA004D3352 /* CLIPdemoUITestsLaunchTests.swift */,
			);
			path = CLIPdemoUITests;
			sourceTree = "<group>";
		};
/* End PBXGroup section */

/* Begin PBXNativeTarget section */
		0D62BE4F29C375A4004D3352 /* CLIPdemo */ = {
			isa = PBXNativeTarget;
			buildConfigurationList = 0D62BE7429C375AA004D3352 /* Build configuration list for PBXNativeTarget "CLIPdemo" */;
			buildPhases = (
				0D62BE4C29C375A4004D3352 /* Sources */,
				0D62BE4D29C375A4004D3352 /* Frameworks */,
				0D62BE4E29C375A4004D3352 /* Resources */,
			);
			buildRules = (
			);
			dependencies = (
			);
			name = CLIPdemo;
			productName = CLIPdemo;
			productReference = 0D62BE5029C375A4004D3352 /* CLIPdemo.app */;
			productType = "com.apple.product-type.application";
		};
		0D62BE5F29C375A9004D3352 /* CLIPdemoTests */ = {
			isa = PBXNativeTarget;
			buildConfigurationList = 0D62BE7729C375AA004D3352 /* Build configuration list for PBXNativeTarget "CLIPdemoTests" */;
			buildPhases = (
				0D62BE5C29C375A9004D3352 /* Sources */,
				0D62BE5D29C375A9004D3352 /* Frameworks */,
				0D62BE5E29C375A9004D3352 /* Resources */,
			);
			buildRules = (
			);
			dependencies = (
				0D62BE6229C375A9004D3352 /* PBXTargetDependency */,
			);
			name = CLIPdemoTests;
			productName = CLIPdemoTests;
			productReference = 0D62BE6029C375A9004D3352 /* CLIPdemoTests.xctest */;
			productType = "com.apple.product-type.bundle.unit-test";
		};
		0D62BE6929C375A9004D3352 /* CLIPdemoUITests */ = {
			isa = PBXNativeTarget;
			buildConfigurationList = 0D62BE7A29C375AA004D3352 /* Build configuration list for PBXNativeTarget "CLIPdemoUITests" */;
			buildPhases = (
				0D62BE6629C375A9004D3352 /* Sources */,
				0D62BE6729C375A9004D3352 /* Frameworks */,
				0D62BE6829C375A9004D3352 /* Resources */,
			);
			buildRules = (
			);
			dependencies = (
				0D62BE6C29C375A9004D3352 /* PBXTargetDependency */,
			);
			name = CLIPdemoUITests;
			productName = CLIPdemoUITests;
			productReference = 0D62BE6A29C375A9004D3352 /* CLIPdemoUITests.xctest */;
			productType = "com.apple.product-type.bundle.ui-testing";
		};
/* End PBXNativeTarget section */

/* Begin PBXProject section */
		0D62BE4829C375A4004D3352 /* Project object */ = {
			isa = PBXProject;
			attributes = {
				BuildIndependentTargetsInParallel = 1;
				LastSwiftUpdateCheck = 1420;
				LastUpgradeCheck = 1420;
				TargetAttributes = {
					0D62BE4F29C375A4004D3352 = {
						CreatedOnToolsVersion = 14.2;
					};
					0D62BE5F29C375A9004D3352 = {
						CreatedOnToolsVersion = 14.2;
						TestTargetID = 0D62BE4F29C375A4004D3352;
					};
					0D62BE6929C375A9004D3352 = {
						CreatedOnToolsVersion = 14.2;
						TestTargetID = 0D62BE4F29C375A4004D3352;
					};
				};
			};
			buildConfigurationList = 0D62BE4B29C375A4004D3352 /* Build configuration list for PBXProject "CLIPdemo" */;
			compatibilityVersion = "Xcode 14.0";
			developmentRegion = en;
			hasScannedForEncodings = 0;
			knownRegions = (
				en,
				Base,
			);
			mainGroup = 0D62BE4729C375A4004D3352;
			productRefGroup = 0D62BE5129C375A4004D3352 /* Products */;
			projectDirPath = "";
			projectRoot = "";
			targets = (
				0D62BE4F29C375A4004D3352 /* CLIPdemo */,
				0D62BE5F29C375A9004D3352 /* CLIPdemoTests */,
				0D62BE6929C375A9004D3352 /* CLIPdemoUITests */,
			);
		};
/* End PBXProject section */

/* Begin PBXResourcesBuildPhase section */
		0D62BE4E29C375A4004D3352 /* Resources */ = {
			isa = PBXResourcesBuildPhase;
			buildActionMask = 2147483647;
			files = (
				0D62BE5B29C375A9004D3352 /* Preview Assets.xcassets in Resources */,
				0D62BE5829C375A9004D3352 /* Assets.xcassets in Resources */,
			);
			runOnlyForDeploymentPostprocessing = 0;
		};
		0D62BE5E29C375A9004D3352 /* Resources */ = {
			isa = PBXResourcesBuildPhase;
			buildActionMask = 2147483647;
			files = (
			);
			runOnlyForDeploymentPostprocessing = 0;
		};
		0D62BE6829C375A9004D3352 /* Resources */ = {
			isa = PBXResourcesBuildPhase;
			buildActionMask = 2147483647;
			files = (
			);
			runOnlyForDeploymentPostprocessing = 0;
		};
/* End PBXResourcesBuildPhase section */

/* Begin PBXSourcesBuildPhase section */
		0D62BE4C29C375A4004D3352 /* Sources */ = {
			isa = PBXSourcesBuildPhase;
			buildActionMask = 2147483647;
			files = (
				0D62BE5629C375A4004D3352 /* ContentView.swift in Sources */,
				0D62BE5429C375A4004D3352 /* CLIPdemoApp.swift in Sources */,
			);
			runOnlyForDeploymentPostprocessing = 0;
		};
		0D62BE5C29C375A9004D3352 /* Sources */ = {
			isa = PBXSourcesBuildPhase;
			buildActionMask = 2147483647;
			files = (
				0D62BE6529C375A9004D3352 /* CLIPdemoTests.swift in Sources */,
			);
			runOnlyForDeploymentPostprocessing = 0;
		};
		0D62BE6629C375A9004D3352 /* Sources */ = {
			isa = PBXSourcesBuildPhase;
			buildActionMask = 2147483647;
			files = (
				0D62BE7129C375AA004D3352 /* CLIPdemoUITestsLaunchTests.swift in Sources */,
				0D62BE6F29C375AA004D3352 /* CLIPdemoUITests.swift in Sources */,
			);
			runOnlyForDeploymentPostprocessing = 0;
		};
/* End PBXSourcesBuildPhase section */

/* Begin PBXTargetDependency section */
		0D62BE6229C375A9004D3352 /* PBXTargetDependency */ = {
			isa = PBXTargetDependency;
			target = 0D62BE4F29C375A4004D3352 /* CLIPdemo */;
			targetProxy = 0D62BE6129C375A9004D3352 /* PBXContainerItemProxy */;
		};
		0D62BE6C29C375A9004D3352 /* PBXTargetDependency */ = {
			isa = PBXTargetDependency;
			target = 0D62BE4F29C375A4004D3352 /* CLIPdemo */;
			targetProxy = 0D62BE6B29C375A9004D3352 /* PBXContainerItemProxy */;
		};
/* End PBXTargetDependency section */

/* Begin XCBuildConfiguration section */
		0D62BE7229C375AA004D3352 /* Debug */ = {
			isa = XCBuildConfiguration;
			buildSettings = {
				ALWAYS_SEARCH_USER_PATHS = NO;
				CLANG_ANALYZER_NONNULL = YES;
				CLANG_ANALYZER_NUMBER_OBJECT_CONVERSION = YES_AGGRESSIVE;
				CLANG_CXX_LANGUAGE_STANDARD = "gnu++20";
				CLANG_ENABLE_MODULES = YES;
				CLANG_ENABLE_OBJC_ARC = YES;
				CLANG_ENABLE_OBJC_WEAK = YES;
				CLANG_WARN_BLOCK_CAPTURE_AUTORELEASING = YES;
				CLANG_WARN_BOOL_CONVERSION = YES;
				CLANG_WARN_COMMA = YES;
				CLANG_WARN_CONSTANT_CONVERSION = YES;
				CLANG_WARN_DEPRECATED_OBJC_IMPLEMENTATIONS = YES;
				CLANG_WARN_DIRECT_OBJC_ISA_USAGE = YES_ERROR;
				CLANG_WARN_DOCUMENTATION_COMMENTS = YES;
				CLANG_WARN_EMPTY_BODY = YES;
				CLANG_WARN_ENUM_CONVERSION = YES;
				CLANG_WARN_INFINITE_RECURSION = YES;
				CLANG_WARN_INT_CONVERSION = YES;
				CLANG_WARN_NON_LITERAL_NULL_CONVERSION = YES;
				CLANG_WARN_OBJC_IMPLICIT_RETAIN_SELF = YES;
				CLANG_WARN_OBJC_LITERAL_CONVERSION = YES;
				CLANG_WARN_OBJC_ROOT_CLASS = YES_ERROR;
				CLANG_WARN_QUOTED_INCLUDE_IN_FRAMEWORK_HEADER = YES;
				CLANG_WARN_RANGE_LOOP_ANALYSIS = YES;
				CLANG_WARN_STRICT_PROTOTYPES = YES;
				CLANG_WARN_SUSPICIOUS_MOVE = YES;
				CLANG_WARN_UNGUARDED_AVAILABILITY = YES_AGGRESSIVE;
				CLANG_WARN_UNREACHABLE_CODE = YES;
				CLANG_WARN__DUPLICATE_METHOD_MATCH = YES;
				COPY_PHASE_STRIP = NO;
				DEBUG_INFORMATION_FORMAT = dwarf;
				ENABLE_STRICT_OBJC_MSGSEND = YES;
				ENABLE_TESTABILITY = YES;
				GCC_C_LANGUAGE_STANDARD = gnu11;
				GCC_DYNAMIC_NO_PIC = NO;
				GCC_NO_COMMON_BLOCKS = YES;
				GCC_OPTIMIZATION_LEVEL = 0;
				GCC_PREPROCESSOR_DEFINITIONS = (
					"DEBUG=1",
					"$(inherited)",
				);
				GCC_WARN_64_TO_32_BIT_CONVERSION = YES;
				GCC_WARN_ABOUT_RETURN_TYPE = YES_ERROR;
				GCC_WARN_UNDECLARED_SELECTOR = YES;
				GCC_WARN_UNINITIALIZED_AUTOS = YES_AGGRESSIVE;
				GCC_WARN_UNUSED_FUNCTION = YES;
				GCC_WARN_UNUSED_VARIABLE = YES;
				IPHONEOS_DEPLOYMENT_TARGET = 16.1;
				MTL_ENABLE_DEBUG_INFO = INCLUDE_SOURCE;
				MTL_FAST_MATH = YES;
				ONLY_ACTIVE_ARCH = YES;
				SDKROOT = iphoneos;
				SWIFT_ACTIVE_COMPILATION_CONDITIONS = DEBUG;
				SWIFT_OPTIMIZATION_LEVEL = "-Onone";
			};
			name = Debug;
		};
		0D62BE7329C375AA004D3352 /* Release */ = {
			isa = XCBuildConfiguration;
			buildSettings = {
				ALWAYS_SEARCH_USER_PATHS = NO;
				CLANG_ANALYZER_NONNULL = YES;
				CLANG_ANALYZER_NUMBER_OBJECT_CONVERSION = YES_AGGRESSIVE;
				CLANG_CXX_LANGUAGE_STANDARD = "gnu++20";
				CLANG_ENABLE_MODULES = YES;
				CLANG_ENABLE_OBJC_ARC = YES;
				CLANG_ENABLE_OBJC_WEAK = YES;
				CLANG_WARN_BLOCK_CAPTURE_AUTORELEASING = YES;
				CLANG_WARN_BOOL_CONVERSION = YES;
				CLANG_WARN_COMMA = YES;
				CLANG_WARN_CONSTANT_CONVERSION = YES;
				CLANG_WARN_DEPRECATED_OBJC_IMPLEMENTATIONS = YES;
				CLANG_WARN_DIRECT_OBJC_ISA_USAGE = YES_ERROR;
				CLANG_WARN_DOCUMENTATION_COMMENTS = YES;
				CLANG_WARN_EMPTY_BODY = YES;
				CLANG_WARN_ENUM_CONVERSION = YES;
				CLANG_WARN_INFINITE_RECURSION = YES;
				CLANG_WARN_INT_CONVERSION = YES;
				CLANG_WARN_NON_LITERAL_NULL_CONVERSION = YES;
				CLANG_WARN_OBJC_IMPLICIT_RETAIN_SELF = YES;
				CLANG_WARN_OBJC_LITERAL_CONVERSION = YES;
				CLANG_WARN_OBJC_ROOT_CLASS = YES_ERROR;
				CLANG_WARN_QUOTED_INCLUDE_IN_FRAMEWORK_HEADER = YES;
				CLANG_WARN_RANGE_LOOP_ANALYSIS = YES;
				CLANG_WARN_STRICT_PROTOTYPES = YES;
				CLANG_WARN_SUSPICIOUS_MOVE = YES;
				CLANG_WARN_UNGUARDED_AVAILABILITY = YES_AGGRESSIVE;
				CLANG_WARN_UNREACHABLE_CODE = YES;
				CLANG_WARN__DUPLICATE_METHOD_MATCH = YES;
				COPY_PHASE_STRIP = NO;
				DEBUG_INFORMATION_FORMAT = "dwarf-with-dsym";
				ENABLE_NS_ASSERTIONS = NO;
				ENABLE_STRICT_OBJC_MSGSEND = YES;
				GCC_C_LANGUAGE_STANDARD = gnu11;
				GCC_NO_COMMON_BLOCKS = YES;
				GCC_WARN_64_TO_32_BIT_CONVERSION = YES;
				GCC_WARN_ABOUT_RETURN_TYPE = YES_ERROR;
				GCC_WARN_UNDECLARED_SELECTOR = YES;
				GCC_WARN_UNINITIALIZED_AUTOS = YES_AGGRESSIVE;
				GCC_WARN_UNUSED_FUNCTION = YES;
				GCC_WARN_UNUSED_VARIABLE = YES;
				IPHONEOS_DEPLOYMENT_TARGET = 16.1;
				MTL_ENABLE_DEBUG_INFO = NO;
				MTL_FAST_MATH = YES;
				SDKROOT = iphoneos;
				SWIFT_COMPILATION_MODE = wholemodule;
				SWIFT_OPTIMIZATION_LEVEL = "-O";
				VALIDATE_PRODUCT = YES;
			};
			name = Release;
		};
		0D62BE7529C375AA004D3352 /* Debug */ = {
			isa = XCBuildConfiguration;
			buildSettings = {
				ASSETCATALOG_COMPILER_APPICON_NAME = AppIcon;
				ASSETCATALOG_COMPILER_GLOBAL_ACCENT_COLOR_NAME = AccentColor;
				CODE_SIGN_STYLE = Automatic;
				CURRENT_PROJECT_VERSION = 1;
				DEVELOPMENT_ASSET_PATHS = "\"CLIPdemo/Preview Content\"";
				DEVELOPMENT_TEAM = R76573L6Z2;
				ENABLE_PREVIEWS = YES;
				GENERATE_INFOPLIST_FILE = YES;
				INFOPLIST_FILE = CLIPdemo/Info.plist;
				INFOPLIST_KEY_NSCameraUsageDescription = "$(PRODUCT_NAME) uses Cameras";
				INFOPLIST_KEY_UIApplicationSceneManifest_Generation = YES;
				INFOPLIST_KEY_UIApplicationSupportsIndirectInputEvents = YES;
				INFOPLIST_KEY_UILaunchScreen_Generation = YES;
				INFOPLIST_KEY_UISupportedInterfaceOrientations_iPad = "UIInterfaceOrientationPortrait UIInterfaceOrientationPortraitUpsideDown UIInterfaceOrientationLandscapeLeft UIInterfaceOrientationLandscapeRight";
				INFOPLIST_KEY_UISupportedInterfaceOrientations_iPhone = "UIInterfaceOrientationPortrait UIInterfaceOrientationLandscapeLeft UIInterfaceOrientationLandscapeRight";
				LD_RUNPATH_SEARCH_PATHS = (
					"$(inherited)",
					"@executable_path/Frameworks",
				);
				MARKETING_VERSION = 1.0;
				PRODUCT_BUNDLE_IDENTIFIER = ForcineElevatorRepairmen.CLIPdemo;
				PRODUCT_NAME = "$(TARGET_NAME)";
				SWIFT_EMIT_LOC_STRINGS = YES;
				SWIFT_VERSION = 5.0;
				TARGETED_DEVICE_FAMILY = "1,2";
			};
			name = Debug;
		};
		0D62BE7629C375AA004D3352 /* Release */ = {
			isa = XCBuildConfiguration;
			buildSettings = {
				ASSETCATALOG_COMPILER_APPICON_NAME = AppIcon;
				ASSETCATALOG_COMPILER_GLOBAL_ACCENT_COLOR_NAME = AccentColor;
				CODE_SIGN_STYLE = Automatic;
				CURRENT_PROJECT_VERSION = 1;
				DEVELOPMENT_ASSET_PATHS = "\"CLIPdemo/Preview Content\"";
				DEVELOPMENT_TEAM = R76573L6Z2;
				ENABLE_PREVIEWS = YES;
				GENERATE_INFOPLIST_FILE = YES;
				INFOPLIST_FILE = CLIPdemo/Info.plist;
				INFOPLIST_KEY_NSCameraUsageDescription = "$(PRODUCT_NAME) uses Cameras";
				INFOPLIST_KEY_UIApplicationSceneManifest_Generation = YES;
				INFOPLIST_KEY_UIApplicationSupportsIndirectInputEvents = YES;
				INFOPLIST_KEY_UILaunchScreen_Generation = YES;
				INFOPLIST_KEY_UISupportedInterfaceOrientations_iPad = "UIInterfaceOrientationPortrait UIInterfaceOrientationPortraitUpsideDown UIInterfaceOrientationLandscapeLeft UIInterfaceOrientationLandscapeRight";
				INFOPLIST_KEY_UISupportedInterfaceOrientations_iPhone = "UIInterfaceOrientationPortrait UIInterfaceOrientationLandscapeLeft UIInterfaceOrientationLandscapeRight";
				LD_RUNPATH_SEARCH_PATHS = (
					"$(inherited)",
					"@executable_path/Frameworks",
				);
				MARKETING_VERSION = 1.0;
				PRODUCT_BUNDLE_IDENTIFIER = ForcineElevatorRepairmen.CLIPdemo;
				PRODUCT_NAME = "$(TARGET_NAME)";
				SWIFT_EMIT_LOC_STRINGS = YES;
				SWIFT_VERSION = 5.0;
				TARGETED_DEVICE_FAMILY = "1,2";
			};
			name = Release;
		};
		0D62BE7829C375AA004D3352 /* Debug */ = {
			isa = XCBuildConfiguration;
			buildSettings = {
				ALWAYS_EMBED_SWIFT_STANDARD_LIBRARIES = YES;
				BUNDLE_LOADER = "$(TEST_HOST)";
				CODE_SIGN_STYLE = Automatic;
				CURRENT_PROJECT_VERSION = 1;
				DEVELOPMENT_TEAM = R76573L6Z2;
				GENERATE_INFOPLIST_FILE = YES;
				IPHONEOS_DEPLOYMENT_TARGET = 16.1;
				MARKETING_VERSION = 1.0;
				PRODUCT_BUNDLE_IDENTIFIER = ForcineElevatorRepairmen.CLIPdemoTests;
				PRODUCT_NAME = "$(TARGET_NAME)";
				SWIFT_EMIT_LOC_STRINGS = NO;
				SWIFT_VERSION = 5.0;
				TARGETED_DEVICE_FAMILY = "1,2";
				TEST_HOST = "$(BUILT_PRODUCTS_DIR)/CLIPdemo.app/$(BUNDLE_EXECUTABLE_FOLDER_PATH)/CLIPdemo";
			};
			name = Debug;
		};
		0D62BE7929C375AA004D3352 /* Release */ = {
			isa = XCBuildConfiguration;
			buildSettings = {
				ALWAYS_EMBED_SWIFT_STANDARD_LIBRARIES = YES;
				BUNDLE_LOADER = "$(TEST_HOST)";
				CODE_SIGN_STYLE = Automatic;
				CURRENT_PROJECT_VERSION = 1;
				DEVELOPMENT_TEAM = R76573L6Z2;
				GENERATE_INFOPLIST_FILE = YES;
				IPHONEOS_DEPLOYMENT_TARGET = 16.1;
				MARKETING_VERSION = 1.0;
				PRODUCT_BUNDLE_IDENTIFIER = ForcineElevatorRepairmen.CLIPdemoTests;
				PRODUCT_NAME = "$(TARGET_NAME)";
				SWIFT_EMIT_LOC_STRINGS = NO;
				SWIFT_VERSION = 5.0;
				TARGETED_DEVICE_FAMILY = "1,2";
				TEST_HOST = "$(BUILT_PRODUCTS_DIR)/CLIPdemo.app/$(BUNDLE_EXECUTABLE_FOLDER_PATH)/CLIPdemo";
			};
			name = Release;
		};
		0D62BE7B29C375AA004D3352 /* Debug */ = {
			isa = XCBuildConfiguration;
			buildSettings = {
				ALWAYS_EMBED_SWIFT_STANDARD_LIBRARIES = YES;
				CODE_SIGN_STYLE = Automatic;
				CURRENT_PROJECT_VERSION = 1;
				DEVELOPMENT_TEAM = R76573L6Z2;
				GENERATE_INFOPLIST_FILE = YES;
				MARKETING_VERSION = 1.0;
				PRODUCT_BUNDLE_IDENTIFIER = ForcineElevatorRepairmen.CLIPdemoUITests;
				PRODUCT_NAME = "$(TARGET_NAME)";
				SWIFT_EMIT_LOC_STRINGS = NO;
				SWIFT_VERSION = 5.0;
				TARGETED_DEVICE_FAMILY = "1,2";
				TEST_TARGET_NAME = CLIPdemo;
			};
			name = Debug;
		};
		0D62BE7C29C375AA004D3352 /* Release */ = {
			isa = XCBuildConfiguration;
			buildSettings = {
				ALWAYS_EMBED_SWIFT_STANDARD_LIBRARIES = YES;
				CODE_SIGN_STYLE = Automatic;
				CURRENT_PROJECT_VERSION = 1;
				DEVELOPMENT_TEAM = R76573L6Z2;
				GENERATE_INFOPLIST_FILE = YES;
				MARKETING_VERSION = 1.0;
				PRODUCT_BUNDLE_IDENTIFIER = ForcineElevatorRepairmen.CLIPdemoUITests;
				PRODUCT_NAME = "$(TARGET_NAME)";
				SWIFT_EMIT_LOC_STRINGS = NO;
				SWIFT_VERSION = 5.0;
				TARGETED_DEVICE_FAMILY = "1,2";
				TEST_TARGET_NAME = CLIPdemo;
			};
			name = Release;
		};
/* End XCBuildConfiguration section */

/* Begin XCConfigurationList section */
		0D62BE4B29C375A4004D3352 /* Build configuration list for PBXProject "CLIPdemo" */ = {
			isa = XCConfigurationList;
			buildConfigurations = (
				0D62BE7229C375AA004D3352 /* Debug */,
				0D62BE7329C375AA004D3352 /* Release */,
			);
			defaultConfigurationIsVisible = 0;
			defaultConfigurationName = Release;
		};
		0D62BE7429C375AA004D3352 /* Build configuration list for PBXNativeTarget "CLIPdemo" */ = {
			isa = XCConfigurationList;
			buildConfigurations = (
				0D62BE7529C375AA004D3352 /* Debug */,
				0D62BE7629C375AA004D3352 /* Release */,
			);
			defaultConfigurationIsVisible = 0;
			defaultConfigurationName = Release;
		};
		0D62BE7729C375AA004D3352 /* Build configuration list for PBXNativeTarget "CLIPdemoTests" */ = {
			isa = XCConfigurationList;
			buildConfigurations = (
				0D62BE7829C375AA004D3352 /* Debug */,
				0D62BE7929C375AA004D3352 /* Release */,
			);
			defaultConfigurationIsVisible = 0;
			defaultConfigurationName = Release;
		};
		0D62BE7A29C375AA004D3352 /* Build configuration list for PBXNativeTarget "CLIPdemoUITests" */ = {
			isa = XCConfigurationList;
			buildConfigurations = (
				0D62BE7B29C375AA004D3352 /* Debug */,
				0D62BE7C29C375AA004D3352 /* Release */,
			);
			defaultConfigurationIsVisible = 0;
			defaultConfigurationName = Release;
		};
/* End XCConfigurationList section */
	};
	rootObject = 0D62BE4829C375A4004D3352 /* Project object */;
}
